
Microsoft Visual Studio Solution File, Format Version 12.00
# Visual Studio Version 16
VisualStudioVersion = 16.0.810.9
MinimumVisualStudioVersion = 10.0.40219.1
Project("{FAE04EC0-301F-11D3-BF4B-00C04F79EFBC}") = "LogAn", "LogAn\LogAn.csproj", "{B671DD6A-2477-4557-965A-B980DDBFEE87}"
EndProject
Project("{FAE04EC0-301F-11D3-BF4B-00C04F79EFBC}") = "LogAn.UnitTests", "LogAnalyzerTests\LogAn.UnitTests.csproj", "{A16342BA-14AD-434C-9176-8ACD9C011710}"
EndProject
Global
	GlobalSection(SolutionConfigurationPlatforms) = preSolution
		Debug|Any CPU = Debug|Any CPU
		Release|Any CPU = Release|Any CPU
	EndGlobalSection
	GlobalSection(ProjectConfigurationPlatforms) = postSolution
		{B671DD6A-2477-4557-965A-B980DDBFEE87}.Debug|Any CPU.ActiveCfg = Debug|Any CPU
		{B671DD6A-2477-4557-965A-B980DDBFEE87}.Debug|Any CPU.Build.0 = Debug|Any CPU
		{B671DD6A-2477-4557-965A-B980DDBFEE87}.Release|Any CPU.ActiveCfg = Release|Any CPU
		{B671DD6A-2477-4557-965A-B980DDBFEE87}.Release|Any CPU.Build.0 = Release|Any CPU
		{A16342BA-14AD-434C-9176-8ACD9C011710}.Debug|Any CPU.ActiveCfg = Debug|Any CPU
		{A16342BA-14AD-434C-9176-8ACD9C011710}.Debug|Any CPU.Build.0 = Debug|Any CPU
		{A16342BA-14AD-434C-9176-8ACD9C011710}.Release|Any CPU.ActiveCfg = Release|Any CPU
		{A16342BA-14AD-434C-9176-8ACD9C011710}.Release|Any CPU.Build.0 = Release|Any CPU
	EndGlobalSection
	GlobalSection(SolutionProperties) = preSolution
		HideSolutionNode = FALSE
	EndGlobalSection
	GlobalSection(ExtensibilityGlobals) = postSolution
		SolutionGuid = {7828BD43-2AD9-49C2-B985-C6BC11EBA851}
	EndGlobalSection
EndGlobal
